// !$*UTF8*$!
{
	archiveVersion = 1;
	classes = {
	};
	objectVersion = 56;
	objects = {

/* Begin PBXBuildFile section */
		6E7383CA2D5AED7F004D0450 /* MainView.swift in Sources */ = {isa = PBXBuildFile; fileRef = 6E7383C92D5AED7F004D0450 /* MainView.swift */; };
		6E7383CC2D5AF52A004D0450 /* AddRecordView.swift in Sources */ = {isa = PBXBuildFile; fileRef = 6E7383CB2D5AF52A004D0450 /* AddRecordView.swift */; };
		6EBD22802D5784CE0075A02A /* HouseholdApp.swift in Sources */ = {isa = PBXBuildFile; fileRef = 6EBD227F2D5784CE0075A02A /* HouseholdApp.swift */; };
		6EBD22822D5784CE0075A02A /* ContentView.swift in Sources */ = {isa = PBXBuildFile; fileRef = 6EBD22812D5784CE0075A02A /* ContentView.swift */; };
		6EBD22842D5784D30075A02A /* Assets.xcassets in Resources */ = {isa = PBXBuildFile; fileRef = 6EBD22832D5784D30075A02A /* Assets.xcassets */; };
		6EBD22872D5784D30075A02A /* Preview Assets.xcassets in Resources */ = {isa = PBXBuildFile; fileRef = 6EBD22862D5784D30075A02A /* Preview Assets.xcassets */; };
		6EBD22892D5784D30075A02A /* Persistence.swift in Sources */ = {isa = PBXBuildFile; fileRef = 6EBD22882D5784D30075A02A /* Persistence.swift */; };
		6EBD228C2D5784D30075A02A /* Household.xcdatamodeld in Sources */ = {isa = PBXBuildFile; fileRef = 6EBD228A2D5784D30075A02A /* Household.xcdatamodeld */; };
		6EBD22972D5784D30075A02A /* HouseholdTests.swift in Sources */ = {isa = PBXBuildFile; fileRef = 6EBD22962D5784D30075A02A /* HouseholdTests.swift */; };
		6EBD22A12D5784D30075A02A /* HouseholdUITests.swift in Sources */ = {isa = PBXBuildFile; fileRef = 6EBD22A02D5784D30075A02A /* HouseholdUITests.swift */; };
		6EBD22A32D5784D30075A02A /* HouseholdUITestsLaunchTests.swift in Sources */ = {isa = PBXBuildFile; fileRef = 6EBD22A22D5784D30075A02A /* HouseholdUITestsLaunchTests.swift */; };
/* End PBXBuildFile section */

/* Begin PBXContainerItemProxy section */
		6EBD22932D5784D30075A02A /* PBXContainerItemProxy */ = {
			isa = PBXContainerItemProxy;
			containerPortal = 6EBD22742D5784CE0075A02A /* Project object */;
			proxyType = 1;
			remoteGlobalIDString = 6EBD227B2D5784CE0075A02A;
			remoteInfo = Household;
		};
		6EBD229D2D5784D30075A02A /* PBXContainerItemProxy */ = {
			isa = PBXContainerItemProxy;
			containerPortal = 6EBD22742D5784CE0075A02A /* Project object */;
			proxyType = 1;
			remoteGlobalIDString = 6EBD227B2D5784CE0075A02A;
			remoteInfo = Household;
		};
/* End PBXContainerItemProxy section */

/* Begin PBXFileReference section */
		6E7383C92D5AED7F004D0450 /* MainView.swift */ = {isa = PBXFileReference; lastKnownFileType = sourcecode.swift; path = MainView.swift; sourceTree = "<group>"; };
		6E7383CB2D5AF52A004D0450 /* AddRecordView.swift */ = {isa = PBXFileReference; lastKnownFileType = sourcecode.swift; path = AddRecordView.swift; sourceTree = "<group>"; };
		6EBD227C2D5784CE0075A02A /* Household.app */ = {isa = PBXFileReference; explicitFileType = wrapper.application; includeInIndex = 0; path = Household.app; sourceTree = BUILT_PRODUCTS_DIR; };
		6EBD227F2D5784CE0075A02A /* HouseholdApp.swift */ = {isa = PBXFileReference; lastKnownFileType = sourcecode.swift; path = HouseholdApp.swift; sourceTree = "<group>"; };
		6EBD22812D5784CE0075A02A /* ContentView.swift */ = {isa = PBXFileReference; lastKnownFileType = sourcecode.swift; path = ContentView.swift; sourceTree = "<group>"; };
		6EBD22832D5784D30075A02A /* Assets.xcassets */ = {isa = PBXFileReference; lastKnownFileType = folder.assetcatalog; path = Assets.xcassets; sourceTree = "<group>"; };
		6EBD22862D5784D30075A02A /* Preview Assets.xcassets */ = {isa = PBXFileReference; lastKnownFileType = folder.assetcatalog; path = "Preview Assets.xcassets"; sourceTree = "<group>"; };
		6EBD22882D5784D30075A02A /* Persistence.swift */ = {isa = PBXFileReference; lastKnownFileType = sourcecode.swift; path = Persistence.swift; sourceTree = "<group>"; };
		6EBD228B2D5784D30075A02A /* Household.xcdatamodel */ = {isa = PBXFileReference; lastKnownFileType = wrapper.xcdatamodel; path = Household.xcdatamodel; sourceTree = "<group>"; };
		6EBD228D2D5784D30075A02A /* Info.plist */ = {isa = PBXFileReference; lastKnownFileType = text.plist.xml; path = Info.plist; sourceTree = "<group>"; };
		6EBD22922D5784D30075A02A /* HouseholdTests.xctest */ = {isa = PBXFileReference; explicitFileType = wrapper.cfbundle; includeInIndex = 0; path = HouseholdTests.xctest; sourceTree = BUILT_PRODUCTS_DIR; };
		6EBD22962D5784D30075A02A /* HouseholdTests.swift */ = {isa = PBXFileReference; lastKnownFileType = sourcecode.swift; path = HouseholdTests.swift; sourceTree = "<group>"; };
		6EBD229C2D5784D30075A02A /* HouseholdUITests.xctest */ = {isa = PBXFileReference; explicitFileType = wrapper.cfbundle; includeInIndex = 0; path = HouseholdUITests.xctest; sourceTree = BUILT_PRODUCTS_DIR; };
		6EBD22A02D5784D30075A02A /* HouseholdUITests.swift */ = {isa = PBXFileReference; lastKnownFileType = sourcecode.swift; path = HouseholdUITests.swift; sourceTree = "<group>"; };
		6EBD22A22D5784D30075A02A /* HouseholdUITestsLaunchTests.swift */ = {isa = PBXFileReference; lastKnownFileType = sourcecode.swift; path = HouseholdUITestsLaunchTests.swift; sourceTree = "<group>"; };
/* End PBXFileReference section */

/* Begin PBXFrameworksBuildPhase section */
		6EBD22792D5784CE0075A02A /* Frameworks */ = {
			isa = PBXFrameworksBuildPhase;
			buildActionMask = 2147483647;
			files = (
			);
			runOnlyForDeploymentPostprocessing = 0;
		};
		6EBD228F2D5784D30075A02A /* Frameworks */ = {
			isa = PBXFrameworksBuildPhase;
			buildActionMask = 2147483647;
			files = (
			);
			runOnlyForDeploymentPostprocessing = 0;
		};
		6EBD22992D5784D30075A02A /* Frameworks */ = {
			isa = PBXFrameworksBuildPhase;
			buildActionMask = 2147483647;
			files = (
			);
			runOnlyForDeploymentPostprocessing = 0;
		};
/* End PBXFrameworksBuildPhase section */

/* Begin PBXGroup section */
		6EBD22732D5784CE0075A02A = {
			isa = PBXGroup;
			children = (
				6EBD227E2D5784CE0075A02A /* Household */,
				6EBD22952D5784D30075A02A /* HouseholdTests */,
				6EBD229F2D5784D30075A02A /* HouseholdUITests */,
				6EBD227D2D5784CE0075A02A /* Products */,
			);
			sourceTree = "<group>";
		};
		6EBD227D2D5784CE0075A02A /* Products */ = {
			isa = PBXGroup;
			children = (
				6EBD227C2D5784CE0075A02A /* Household.app */,
				6EBD22922D5784D30075A02A /* HouseholdTests.xctest */,
				6EBD229C2D5784D30075A02A /* HouseholdUITests.xctest */,
			);
			name = Products;
			sourceTree = "<group>";
		};
		6EBD227E2D5784CE0075A02A /* Household */ = {
			isa = PBXGroup;
			children = (
				6E7383C92D5AED7F004D0450 /* MainView.swift */,
				6EBD227F2D5784CE0075A02A /* HouseholdApp.swift */,
				6EBD22812D5784CE0075A02A /* ContentView.swift */,
				6E7383CB2D5AF52A004D0450 /* AddRecordView.swift */,
				6EBD22832D5784D30075A02A /* Assets.xcassets */,
				6EBD22882D5784D30075A02A /* Persistence.swift */,
				6EBD228D2D5784D30075A02A /* Info.plist */,
				6EBD228A2D5784D30075A02A /* Household.xcdatamodeld */,
				6EBD22852D5784D30075A02A /* Preview Content */,
			);
			path = Household;
			sourceTree = "<group>";
		};
		6EBD22852D5784D30075A02A /* Preview Content */ = {
			isa = PBXGroup;
			children = (
				6EBD22862D5784D30075A02A /* Preview Assets.xcassets */,
			);
			path = "Preview Content";
			sourceTree = "<group>";
		};
		6EBD22952D5784D30075A02A /* HouseholdTests */ = {
			isa = PBXGroup;
			children = (
				6EBD22962D5784D30075A02A /* HouseholdTests.swift */,
			);
			path = HouseholdTests;
			sourceTree = "<group>";
		};
		6EBD229F2D5784D30075A02A /* HouseholdUITests */ = {
			isa = PBXGroup;
			children = (
				6EBD22A02D5784D30075A02A /* HouseholdUITests.swift */,
				6EBD22A22D5784D30075A02A /* HouseholdUITestsLaunchTests.swift */,
			);
			path = HouseholdUITests;
			sourceTree = "<group>";
		};
/* End PBXGroup section */

/* Begin PBXNativeTarget section */
		6EBD227B2D5784CE0075A02A /* Household */ = {
			isa = PBXNativeTarget;
			buildConfigurationList = 6EBD22A62D5784D30075A02A /* Build configuration list for PBXNativeTarget "Household" */;
			buildPhases = (
				6EBD22782D5784CE0075A02A /* Sources */,
				6EBD22792D5784CE0075A02A /* Frameworks */,
				6EBD227A2D5784CE0075A02A /* Resources */,
			);
			buildRules = (
			);
			dependencies = (
			);
			name = Household;
			productName = Household;
			productReference = 6EBD227C2D5784CE0075A02A /* Household.app */;
			productType = "com.apple.product-type.application";
		};
		6EBD22912D5784D30075A02A /* HouseholdTests */ = {
			isa = PBXNativeTarget;
			buildConfigurationList = 6EBD22A92D5784D30075A02A /* Build configuration list for PBXNativeTarget "HouseholdTests" */;
			buildPhases = (
				6EBD228E2D5784D30075A02A /* Sources */,
				6EBD228F2D5784D30075A02A /* Frameworks */,
				6EBD22902D5784D30075A02A /* Resources */,
			);
			buildRules = (
			);
			dependencies = (
				6EBD22942D5784D30075A02A /* PBXTargetDependency */,
			);
			name = HouseholdTests;
			productName = HouseholdTests;
			productReference = 6EBD22922D5784D30075A02A /* HouseholdTests.xctest */;
			productType = "com.apple.product-type.bundle.unit-test";
		};
		6EBD229B2D5784D30075A02A /* HouseholdUITests */ = {
			isa = PBXNativeTarget;
			buildConfigurationList = 6EBD22AC2D5784D30075A02A /* Build configuration list for PBXNativeTarget "HouseholdUITests" */;
			buildPhases = (
				6EBD22982D5784D30075A02A /* Sources */,
				6EBD22992D5784D30075A02A /* Frameworks */,
				6EBD229A2D5784D30075A02A /* Resources */,
			);
			buildRules = (
			);
			dependencies = (
				6EBD229E2D5784D30075A02A /* PBXTargetDependency */,
			);
			name = HouseholdUITests;
			productName = HouseholdUITests;
			productReference = 6EBD229C2D5784D30075A02A /* HouseholdUITests.xctest */;
			productType = "com.apple.product-type.bundle.ui-testing";
		};
/* End PBXNativeTarget section */

/* Begin PBXProject section */
		6EBD22742D5784CE0075A02A /* Project object */ = {
			isa = PBXProject;
			attributes = {
				BuildIndependentTargetsInParallel = 1;
				LastSwiftUpdateCheck = 1400;
				LastUpgradeCheck = 1400;
				TargetAttributes = {
					6EBD227B2D5784CE0075A02A = {
						CreatedOnToolsVersion = 14.0.1;
					};
					6EBD22912D5784D30075A02A = {
						CreatedOnToolsVersion = 14.0.1;
						TestTargetID = 6EBD227B2D5784CE0075A02A;
					};
					6EBD229B2D5784D30075A02A = {
						CreatedOnToolsVersion = 14.0.1;
						TestTargetID = 6EBD227B2D5784CE0075A02A;
					};
				};
			};
			buildConfigurationList = 6EBD22772D5784CE0075A02A /* Build configuration list for PBXProject "Household" */;
			compatibilityVersion = "Xcode 14.0";
			developmentRegion = en;
			hasScannedForEncodings = 0;
			knownRegions = (
				en,
				Base,
			);
			mainGroup = 6EBD22732D5784CE0075A02A;
			productRefGroup = 6EBD227D2D5784CE0075A02A /* Products */;
			projectDirPath = "";
			projectRoot = "";
			targets = (
				6EBD227B2D5784CE0075A02A /* Household */,
				6EBD22912D5784D30075A02A /* HouseholdTests */,
				6EBD229B2D5784D30075A02A /* HouseholdUITests */,
			);
		};
/* End PBXProject section */

/* Begin PBXResourcesBuildPhase section */
		6EBD227A2D5784CE0075A02A /* Resources */ = {
			isa = PBXResourcesBuildPhase;
			buildActionMask = 2147483647;
			files = (
				6EBD22872D5784D30075A02A /* Preview Assets.xcassets in Resources */,
				6EBD22842D5784D30075A02A /* Assets.xcassets in Resources */,
			);
			runOnlyForDeploymentPostprocessing = 0;
		};
		6EBD22902D5784D30075A02A /* Resources */ = {
			isa = PBXResourcesBuildPhase;
			buildActionMask = 2147483647;
			files = (
			);
			runOnlyForDeploymentPostprocessing = 0;
		};
		6EBD229A2D5784D30075A02A /* Resources */ = {
			isa = PBXResourcesBuildPhase;
			buildActionMask = 2147483647;
			files = (
			);
			runOnlyForDeploymentPostprocessing = 0;
		};
/* End PBXResourcesBuildPhase section */

/* Begin PBXSourcesBuildPhase section */
		6EBD22782D5784CE0075A02A /* Sources */ = {
			isa = PBXSourcesBuildPhase;
			buildActionMask = 2147483647;
			files = (
				6EBD22892D5784D30075A02A /* Persistence.swift in Sources */,
				6E7383CC2D5AF52A004D0450 /* AddRecordView.swift in Sources */,
				6EBD228C2D5784D30075A02A /* Household.xcdatamodeld in Sources */,
				6EBD22822D5784CE0075A02A /* ContentView.swift in Sources */,
				6E7383CA2D5AED7F004D0450 /* MainView.swift in Sources */,
				6EBD22802D5784CE0075A02A /* HouseholdApp.swift in Sources */,
			);
			runOnlyForDeploymentPostprocessing = 0;
		};
		6EBD228E2D5784D30075A02A /* Sources */ = {
			isa = PBXSourcesBuildPhase;
			buildActionMask = 2147483647;
			files = (
				6EBD22972D5784D30075A02A /* HouseholdTests.swift in Sources */,
			);
			runOnlyForDeploymentPostprocessing = 0;
		};
		6EBD22982D5784D30075A02A /* Sources */ = {
			isa = PBXSourcesBuildPhase;
			buildActionMask = 2147483647;
			files = (
				6EBD22A32D5784D30075A02A /* HouseholdUITestsLaunchTests.swift in Sources */,
				6EBD22A12D5784D30075A02A /* HouseholdUITests.swift in Sources */,
			);
			runOnlyForDeploymentPostprocessing = 0;
		};
/* End PBXSourcesBuildPhase section */

/* Begin PBXTargetDependency section */
		6EBD22942D5784D30075A02A /* PBXTargetDependency */ = {
			isa = PBXTargetDependency;
			target = 6EBD227B2D5784CE0075A02A /* Household */;
			targetProxy = 6EBD22932D5784D30075A02A /* PBXContainerItemProxy */;
		};
		6EBD229E2D5784D30075A02A /* PBXTargetDependency */ = {
			isa = PBXTargetDependency;
			target = 6EBD227B2D5784CE0075A02A /* Household */;
			targetProxy = 6EBD229D2D5784D30075A02A /* PBXContainerItemProxy */;
		};
/* End PBXTargetDependency section */

/* Begin XCBuildConfiguration section */
		6EBD22A42D5784D30075A02A /* Debug */ = {
			isa = XCBuildConfiguration;
			buildSettings = {
				ALWAYS_SEARCH_USER_PATHS = NO;
				CLANG_ANALYZER_NONNULL = YES;
				CLANG_ANALYZER_NUMBER_OBJECT_CONVERSION = YES_AGGRESSIVE;
				CLANG_CXX_LANGUAGE_STANDARD = "gnu++20";
				CLANG_ENABLE_MODULES = YES;
				CLANG_ENABLE_OBJC_ARC = YES;
				CLANG_ENABLE_OBJC_WEAK = YES;
				CLANG_WARN_BLOCK_CAPTURE_AUTORELEASING = YES;
				CLANG_WARN_BOOL_CONVERSION = YES;
				CLANG_WARN_COMMA = YES;
				CLANG_WARN_CONSTANT_CONVERSION = YES;
				CLANG_WARN_DEPRECATED_OBJC_IMPLEMENTATIONS = YES;
				CLANG_WARN_DIRECT_OBJC_ISA_USAGE = YES_ERROR;
				CLANG_WARN_DOCUMENTATION_COMMENTS = YES;
				CLANG_WARN_EMPTY_BODY = YES;
				CLANG_WARN_ENUM_CONVERSION = YES;
				CLANG_WARN_INFINITE_RECURSION = YES;
				CLANG_WARN_INT_CONVERSION = YES;
				CLANG_WARN_NON_LITERAL_NULL_CONVERSION = YES;
				CLANG_WARN_OBJC_IMPLICIT_RETAIN_SELF = YES;
				CLANG_WARN_OBJC_LITERAL_CONVERSION = YES;
				CLANG_WARN_OBJC_ROOT_CLASS = YES_ERROR;
				CLANG_WARN_QUOTED_INCLUDE_IN_FRAMEWORK_HEADER = YES;
				CLANG_WARN_RANGE_LOOP_ANALYSIS = YES;
				CLANG_WARN_STRICT_PROTOTYPES = YES;
				CLANG_WARN_SUSPICIOUS_MOVE = YES;
				CLANG_WARN_UNGUARDED_AVAILABILITY = YES_AGGRESSIVE;
				CLANG_WARN_UNREACHABLE_CODE = YES;
				CLANG_WARN__DUPLICATE_METHOD_MATCH = YES;
				COPY_PHASE_STRIP = NO;
				DEBUG_INFORMATION_FORMAT = dwarf;
				ENABLE_STRICT_OBJC_MSGSEND = YES;
				ENABLE_TESTABILITY = YES;
				GCC_C_LANGUAGE_STANDARD = gnu11;
				GCC_DYNAMIC_NO_PIC = NO;
				GCC_NO_COMMON_BLOCKS = YES;
				GCC_OPTIMIZATION_LEVEL = 0;
				GCC_PREPROCESSOR_DEFINITIONS = (
					"DEBUG=1",
					"$(inherited)",
				);
				GCC_WARN_64_TO_32_BIT_CONVERSION = YES;
				GCC_WARN_ABOUT_RETURN_TYPE = YES_ERROR;
				GCC_WARN_UNDECLARED_SELECTOR = YES;
				GCC_WARN_UNINITIALIZED_AUTOS = YES_AGGRESSIVE;
				GCC_WARN_UNUSED_FUNCTION = YES;
				GCC_WARN_UNUSED_VARIABLE = YES;
				IPHONEOS_DEPLOYMENT_TARGET = 16.0;
				MTL_ENABLE_DEBUG_INFO = INCLUDE_SOURCE;
				MTL_FAST_MATH = YES;
				ONLY_ACTIVE_ARCH = YES;
				SDKROOT = iphoneos;
				SWIFT_ACTIVE_COMPILATION_CONDITIONS = DEBUG;
				SWIFT_OPTIMIZATION_LEVEL = "-Onone";
			};
			name = Debug;
		};
		6EBD22A52D5784D30075A02A /* Release */ = {
			isa = XCBuildConfiguration;
			buildSettings = {
				ALWAYS_SEARCH_USER_PATHS = NO;
				CLANG_ANALYZER_NONNULL = YES;
				CLANG_ANALYZER_NUMBER_OBJECT_CONVERSION = YES_AGGRESSIVE;
				CLANG_CXX_LANGUAGE_STANDARD = "gnu++20";
				CLANG_ENABLE_MODULES = YES;
				CLANG_ENABLE_OBJC_ARC = YES;
				CLANG_ENABLE_OBJC_WEAK = YES;
				CLANG_WARN_BLOCK_CAPTURE_AUTORELEASING = YES;
				CLANG_WARN_BOOL_CONVERSION = YES;
				CLANG_WARN_COMMA = YES;
				CLANG_WARN_CONSTANT_CONVERSION = YES;
				CLANG_WARN_DEPRECATED_OBJC_IMPLEMENTATIONS = YES;
				CLANG_WARN_DIRECT_OBJC_ISA_USAGE = YES_ERROR;
				CLANG_WARN_DOCUMENTATION_COMMENTS = YES;
				CLANG_WARN_EMPTY_BODY = YES;
				CLANG_WARN_ENUM_CONVERSION = YES;
				CLANG_WARN_INFINITE_RECURSION = YES;
				CLANG_WARN_INT_CONVERSION = YES;
				CLANG_WARN_NON_LITERAL_NULL_CONVERSION = YES;
				CLANG_WARN_OBJC_IMPLICIT_RETAIN_SELF = YES;
				CLANG_WARN_OBJC_LITERAL_CONVERSION = YES;
				CLANG_WARN_OBJC_ROOT_CLASS = YES_ERROR;
				CLANG_WARN_QUOTED_INCLUDE_IN_FRAMEWORK_HEADER = YES;
				CLANG_WARN_RANGE_LOOP_ANALYSIS = YES;
				CLANG_WARN_STRICT_PROTOTYPES = YES;
				CLANG_WARN_SUSPICIOUS_MOVE = YES;
				CLANG_WARN_UNGUARDED_AVAILABILITY = YES_AGGRESSIVE;
				CLANG_WARN_UNREACHABLE_CODE = YES;
				CLANG_WARN__DUPLICATE_METHOD_MATCH = YES;
				COPY_PHASE_STRIP = NO;
				DEBUG_INFORMATION_FORMAT = "dwarf-with-dsym";
				ENABLE_NS_ASSERTIONS = NO;
				ENABLE_STRICT_OBJC_MSGSEND = YES;
				GCC_C_LANGUAGE_STANDARD = gnu11;
				GCC_NO_COMMON_BLOCKS = YES;
				GCC_WARN_64_TO_32_BIT_CONVERSION = YES;
				GCC_WARN_ABOUT_RETURN_TYPE = YES_ERROR;
				GCC_WARN_UNDECLARED_SELECTOR = YES;
				GCC_WARN_UNINITIALIZED_AUTOS = YES_AGGRESSIVE;
				GCC_WARN_UNUSED_FUNCTION = YES;
				GCC_WARN_UNUSED_VARIABLE = YES;
				IPHONEOS_DEPLOYMENT_TARGET = 16.0;
				MTL_ENABLE_DEBUG_INFO = NO;
				MTL_FAST_MATH = YES;
				SDKROOT = iphoneos;
				SWIFT_COMPILATION_MODE = wholemodule;
				SWIFT_OPTIMIZATION_LEVEL = "-O";
				VALIDATE_PRODUCT = YES;
			};
			name = Release;
		};
		6EBD22A72D5784D30075A02A /* Debug */ = {
			isa = XCBuildConfiguration;
			buildSettings = {
				ASSETCATALOG_COMPILER_APPICON_NAME = AppIcon;
				ASSETCATALOG_COMPILER_GLOBAL_ACCENT_COLOR_NAME = AccentColor;
				CODE_SIGN_STYLE = Automatic;
				CURRENT_PROJECT_VERSION = 1;
				DEVELOPMENT_ASSET_PATHS = "\"Household/Preview Content\"";
				DEVELOPMENT_TEAM = 8M5ZB4R29P;
				ENABLE_PREVIEWS = YES;
				GENERATE_INFOPLIST_FILE = YES;
				INFOPLIST_KEY_UIApplicationSceneManifest_Generation = YES;
				INFOPLIST_KEY_UIApplicationSupportsIndirectInputEvents = YES;
				INFOPLIST_KEY_UILaunchScreen_Generation = YES;
				INFOPLIST_KEY_UISupportedInterfaceOrientations_iPad = "UIInterfaceOrientationPortrait UIInterfaceOrientationPortraitUpsideDown UIInterfaceOrientationLandscapeLeft UIInterfaceOrientationLandscapeRight";
				INFOPLIST_KEY_UISupportedInterfaceOrientations_iPhone = "UIInterfaceOrientationPortrait UIInterfaceOrientationLandscapeLeft UIInterfaceOrientationLandscapeRight";
				LD_RUNPATH_SEARCH_PATHS = (
					"$(inherited)",
					"@executable_path/Frameworks",
				);
				MARKETING_VERSION = 1.0;
				PRODUCT_BUNDLE_IDENTIFIER = SwiftDeveloper.Household;
				PRODUCT_NAME = "$(TARGET_NAME)";
				SWIFT_EMIT_LOC_STRINGS = YES;
				SWIFT_VERSION = 5.0;
				TARGETED_DEVICE_FAMILY = "1,2";
			};
			name = Debug;
		};
		6EBD22A82D5784D30075A02A /* Release */ = {
			isa = XCBuildConfiguration;
			buildSettings = {
				ASSETCATALOG_COMPILER_APPICON_NAME = AppIcon;
				ASSETCATALOG_COMPILER_GLOBAL_ACCENT_COLOR_NAME = AccentColor;
				CODE_SIGN_STYLE = Automatic;
				CURRENT_PROJECT_VERSION = 1;
				DEVELOPMENT_ASSET_PATHS = "\"Household/Preview Content\"";
				DEVELOPMENT_TEAM = 8M5ZB4R29P;
				ENABLE_PREVIEWS = YES;
				GENERATE_INFOPLIST_FILE = YES;
				INFOPLIST_KEY_UIApplicationSceneManifest_Generation = YES;
				INFOPLIST_KEY_UIApplicationSupportsIndirectInputEvents = YES;
				INFOPLIST_KEY_UILaunchScreen_Generation = YES;
				INFOPLIST_KEY_UISupportedInterfaceOrientations_iPad = "UIInterfaceOrientationPortrait UIInterfaceOrientationPortraitUpsideDown UIInterfaceOrientationLandscapeLeft UIInterfaceOrientationLandscapeRight";
				INFOPLIST_KEY_UISupportedInterfaceOrientations_iPhone = "UIInterfaceOrientationPortrait UIInterfaceOrientationLandscapeLeft UIInterfaceOrientationLandscapeRight";
				LD_RUNPATH_SEARCH_PATHS = (
					"$(inherited)",
					"@executable_path/Frameworks",
				);
				MARKETING_VERSION = 1.0;
				PRODUCT_BUNDLE_IDENTIFIER = SwiftDeveloper.Household;
				PRODUCT_NAME = "$(TARGET_NAME)";
				SWIFT_EMIT_LOC_STRINGS = YES;
				SWIFT_VERSION = 5.0;
				TARGETED_DEVICE_FAMILY = "1,2";
			};
			name = Release;
		};
		6EBD22AA2D5784D30075A02A /* Debug */ = {
			isa = XCBuildConfiguration;
			buildSettings = {
				ALWAYS_EMBED_SWIFT_STANDARD_LIBRARIES = YES;
				BUNDLE_LOADER = "$(TEST_HOST)";
				CODE_SIGN_STYLE = Automatic;
				CURRENT_PROJECT_VERSION = 1;
				DEVELOPMENT_TEAM = 8M5ZB4R29P;
				GENERATE_INFOPLIST_FILE = YES;
				IPHONEOS_DEPLOYMENT_TARGET = 16.0;
				MARKETING_VERSION = 1.0;
				PRODUCT_BUNDLE_IDENTIFIER = SwiftDeveloper.HouseholdTests;
				PRODUCT_NAME = "$(TARGET_NAME)";
				SWIFT_EMIT_LOC_STRINGS = NO;
				SWIFT_VERSION = 5.0;
				TARGETED_DEVICE_FAMILY = "1,2";
				TEST_HOST = "$(BUILT_PRODUCTS_DIR)/Household.app/$(BUNDLE_EXECUTABLE_FOLDER_PATH)/Household";
			};
			name = Debug;
		};
		6EBD22AB2D5784D30075A02A /* Release */ = {
			isa = XCBuildConfiguration;
			buildSettings = {
				ALWAYS_EMBED_SWIFT_STANDARD_LIBRARIES = YES;
				BUNDLE_LOADER = "$(TEST_HOST)";
				CODE_SIGN_STYLE = Automatic;
				CURRENT_PROJECT_VERSION = 1;
				DEVELOPMENT_TEAM = 8M5ZB4R29P;
				GENERATE_INFOPLIST_FILE = YES;
				IPHONEOS_DEPLOYMENT_TARGET = 16.0;
				MARKETING_VERSION = 1.0;
				PRODUCT_BUNDLE_IDENTIFIER = SwiftDeveloper.HouseholdTests;
				PRODUCT_NAME = "$(TARGET_NAME)";
				SWIFT_EMIT_LOC_STRINGS = NO;
				SWIFT_VERSION = 5.0;
				TARGETED_DEVICE_FAMILY = "1,2";
				TEST_HOST = "$(BUILT_PRODUCTS_DIR)/Household.app/$(BUNDLE_EXECUTABLE_FOLDER_PATH)/Household";
			};
			name = Release;
		};
		6EBD22AD2D5784D30075A02A /* Debug */ = {
			isa = XCBuildConfiguration;
			buildSettings = {
				ALWAYS_EMBED_SWIFT_STANDARD_LIBRARIES = YES;
				CODE_SIGN_STYLE = Automatic;
				CURRENT_PROJECT_VERSION = 1;
				DEVELOPMENT_TEAM = 8M5ZB4R29P;
				GENERATE_INFOPLIST_FILE = YES;
				MARKETING_VERSION = 1.0;
				PRODUCT_BUNDLE_IDENTIFIER = SwiftDeveloper.HouseholdUITests;
				PRODUCT_NAME = "$(TARGET_NAME)";
				SWIFT_EMIT_LOC_STRINGS = NO;
				SWIFT_VERSION = 5.0;
				TARGETED_DEVICE_FAMILY = "1,2";
				TEST_TARGET_NAME = Household;
			};
			name = Debug;
		};
		6EBD22AE2D5784D30075A02A /* Release */ = {
			isa = XCBuildConfiguration;
			buildSettings = {
				ALWAYS_EMBED_SWIFT_STANDARD_LIBRARIES = YES;
				CODE_SIGN_STYLE = Automatic;
				CURRENT_PROJECT_VERSION = 1;
				DEVELOPMENT_TEAM = 8M5ZB4R29P;
				GENERATE_INFOPLIST_FILE = YES;
				MARKETING_VERSION = 1.0;
				PRODUCT_BUNDLE_IDENTIFIER = SwiftDeveloper.HouseholdUITests;
				PRODUCT_NAME = "$(TARGET_NAME)";
				SWIFT_EMIT_LOC_STRINGS = NO;
				SWIFT_VERSION = 5.0;
				TARGETED_DEVICE_FAMILY = "1,2";
				TEST_TARGET_NAME = Household;
			};
			name = Release;
		};
/* End XCBuildConfiguration section */

/* Begin XCConfigurationList section */
		6EBD22772D5784CE0075A02A /* Build configuration list for PBXProject "Household" */ = {
			isa = XCConfigurationList;
			buildConfigurations = (
				6EBD22A42D5784D30075A02A /* Debug */,
				6EBD22A52D5784D30075A02A /* Release */,
			);
			defaultConfigurationIsVisible = 0;
			defaultConfigurationName = Release;
		};
		6EBD22A62D5784D30075A02A /* Build configuration list for PBXNativeTarget "Household" */ = {
			isa = XCConfigurationList;
			buildConfigurations = (
				6EBD22A72D5784D30075A02A /* Debug */,
				6EBD22A82D5784D30075A02A /* Release */,
			);
			defaultConfigurationIsVisible = 0;
			defaultConfigurationName = Release;
		};
		6EBD22A92D5784D30075A02A /* Build configuration list for PBXNativeTarget "HouseholdTests" */ = {
			isa = XCConfigurationList;
			buildConfigurations = (
				6EBD22AA2D5784D30075A02A /* Debug */,
				6EBD22AB2D5784D30075A02A /* Release */,
			);
			defaultConfigurationIsVisible = 0;
			defaultConfigurationName = Release;
		};
		6EBD22AC2D5784D30075A02A /* Build configuration list for PBXNativeTarget "HouseholdUITests" */ = {
			isa = XCConfigurationList;
			buildConfigurations = (
				6EBD22AD2D5784D30075A02A /* Debug */,
				6EBD22AE2D5784D30075A02A /* Release */,
			);
			defaultConfigurationIsVisible = 0;
			defaultConfigurationName = Release;
		};
/* End XCConfigurationList section */

/* Begin XCVersionGroup section */
		6EBD228A2D5784D30075A02A /* Household.xcdatamodeld */ = {
			isa = XCVersionGroup;
			children = (
				6EBD228B2D5784D30075A02A /* Household.xcdatamodel */,
			);
			currentVersion = 6EBD228B2D5784D30075A02A /* Household.xcdatamodel */;
			path = Household.xcdatamodeld;
			sourceTree = "<group>";
			versionGroupType = wrapper.xcdatamodel;
		};
/* End XCVersionGroup section */
	};
	rootObject = 6EBD22742D5784CE0075A02A /* Project object */;
}
